
Microsoft Visual Studio Solution File, Format Version 12.00
# Visual Studio 14
VisualStudioVersion = 14.0.23107.0
MinimumVisualStudioVersion = 10.0.40219.1
Project("{2150E333-8FDC-42A3-9474-1A3956D46DE8}") = "Services", "Services", "{33447BAE-F704-47F1-9E52-F1BC2FB0BDB3}"
EndProject
Project("{FAE04EC0-301F-11D3-BF4B-00C04F79EFBC}") = "ManagerServices", "ManagerService\ManagerServices.csproj", "{5ECF0198-323D-4164-8E3D-E2797215A272}"
EndProject
Project("{FAE04EC0-301F-11D3-BF4B-00C04F79EFBC}") = "OrionServices", "OrionService\OrionServices.csproj", "{852A477D-B351-4BD2-B831-0656A8A5D579}"
EndProject
Project("{FAE04EC0-301F-11D3-BF4B-00C04F79EFBC}") = "SLWebUtil", "SLWebUtil\SLWebUtil.csproj", "{02D50F99-EFCC-48A0-9E83-17383FFC568C}"
EndProject
Project("{FAE04EC0-301F-11D3-BF4B-00C04F79EFBC}") = "MedicineServices", "MedicineServices\MedicineServices.csproj", "{88B8A5A9-2D0A-4593-BC92-ED82E0914993}"
EndProject
Project("{2150E333-8FDC-42A3-9474-1A3956D46DE8}") = "Repositories", "Repositories", "{88E38B16-4974-478A-A1B4-16083C81A53A}"
EndProject
Project("{FAE04EC0-301F-11D3-BF4B-00C04F79EFBC}") = "MedicineRepository", "MedicineRepository\MedicineRepository.csproj", "{5712384A-7080-4CC1-AF73-C43EC67E1520}"
EndProject
Project("{FAE04EC0-301F-11D3-BF4B-00C04F79EFBC}") = "AuthorizationServices", "AuthorizationServices\AuthorizationServices.csproj", "{0BA52986-CE98-4FA1-9A10-59D7A22BCA11}"
EndProject
Project("{FAE04EC0-301F-11D3-BF4B-00C04F79EFBC}") = "Utilities", "..\..\CSharpDLL\Utilities\Utilities.csproj", "{044B9B2B-FC2A-4312-BBEE-C938CB6E5332}"
EndProject
Project("{FAE04EC0-301F-11D3-BF4B-00C04F79EFBC}") = "WebApiUtility", "..\..\CSharpDLL\WebApiUtility\WebApiUtility\WebApiUtility.csproj", "{4D3204D9-5F2B-472D-910E-14C3A936F86B}"
EndProject
Project("{FAE04EC0-301F-11D3-BF4B-00C04F79EFBC}") = "RepositoryUtility", "..\..\CSharpDLL\RepositoryUtility\RepositoryUtility\RepositoryUtility.csproj", "{3EC3CF96-E702-4A90-89CC-B3438191B334}"
EndProject
Project("{FAE04EC0-301F-11D3-BF4B-00C04F79EFBC}") = "GCMNotificationServices", "GCMNotificationServices\GCMNotificationServices.csproj", "{AF98BED6-70D9-4B6C-9831-C8B60068DB93}"
EndProject
Project("{FAE04EC0-301F-11D3-BF4B-00C04F79EFBC}") = "SL.Repository", "SL.Repository\SL.Repository.csproj", "{70D6F812-B55E-4437-8EA9-3CD063FCB323}"
EndProject
Project("{2150E333-8FDC-42A3-9474-1A3956D46DE8}") = "Infrastructures", "Infrastructures", "{787914EA-0F77-4D60-A925-C6ABD2C827FB}"
EndProject
Project("{FAE04EC0-301F-11D3-BF4B-00C04F79EFBC}") = "SL.Infrastructure.Repository.EF", "SL.Infrastructure.Repository.EF\SL.Infrastructure.Repository.EF.csproj", "{F3E1C26E-1F05-4A5E-AC08-ADB6E22C2481}"
EndProject
Project("{2150E333-8FDC-42A3-9474-1A3956D46DE8}") = "Medicine", "Medicine", "{5E91A56F-E7EF-4F2B-9719-B492EB128156}"
EndProject
Project("{FAE04EC0-301F-11D3-BF4B-00C04F79EFBC}") = "SL.Infrastructure.Inject.Resolver", "SL.Infrastructure.Inject.Resolver\SL.Infrastructure.Inject.Resolver.csproj", "{ED1FB464-3479-4C38-A1D7-215FBDC493D8}"
EndProject
Global
	GlobalSection(SolutionConfigurationPlatforms) = preSolution
		Debug|Any CPU = Debug|Any CPU
		Release|Any CPU = Release|Any CPU
	EndGlobalSection
	GlobalSection(ProjectConfigurationPlatforms) = postSolution
		{5ECF0198-323D-4164-8E3D-E2797215A272}.Debug|Any CPU.ActiveCfg = Debug|Any CPU
		{5ECF0198-323D-4164-8E3D-E2797215A272}.Debug|Any CPU.Build.0 = Debug|Any CPU
		{5ECF0198-323D-4164-8E3D-E2797215A272}.Release|Any CPU.ActiveCfg = Release|Any CPU
		{5ECF0198-323D-4164-8E3D-E2797215A272}.Release|Any CPU.Build.0 = Release|Any CPU
		{852A477D-B351-4BD2-B831-0656A8A5D579}.Debug|Any CPU.ActiveCfg = Debug|Any CPU
		{852A477D-B351-4BD2-B831-0656A8A5D579}.Debug|Any CPU.Build.0 = Debug|Any CPU
		{852A477D-B351-4BD2-B831-0656A8A5D579}.Release|Any CPU.ActiveCfg = Release|Any CPU
		{852A477D-B351-4BD2-B831-0656A8A5D579}.Release|Any CPU.Build.0 = Release|Any CPU
		{02D50F99-EFCC-48A0-9E83-17383FFC568C}.Debug|Any CPU.ActiveCfg = Debug|Any CPU
		{02D50F99-EFCC-48A0-9E83-17383FFC568C}.Debug|Any CPU.Build.0 = Debug|Any CPU
		{02D50F99-EFCC-48A0-9E83-17383FFC568C}.Release|Any CPU.ActiveCfg = Release|Any CPU
		{02D50F99-EFCC-48A0-9E83-17383FFC568C}.Release|Any CPU.Build.0 = Release|Any CPU
		{88B8A5A9-2D0A-4593-BC92-ED82E0914993}.Debug|Any CPU.ActiveCfg = Debug|Any CPU
		{88B8A5A9-2D0A-4593-BC92-ED82E0914993}.Debug|Any CPU.Build.0 = Debug|Any CPU
		{88B8A5A9-2D0A-4593-BC92-ED82E0914993}.Release|Any CPU.ActiveCfg = Release|Any CPU
		{88B8A5A9-2D0A-4593-BC92-ED82E0914993}.Release|Any CPU.Build.0 = Release|Any CPU
		{5712384A-7080-4CC1-AF73-C43EC67E1520}.Debug|Any CPU.ActiveCfg = Debug|Any CPU
		{5712384A-7080-4CC1-AF73-C43EC67E1520}.Debug|Any CPU.Build.0 = Debug|Any CPU
		{5712384A-7080-4CC1-AF73-C43EC67E1520}.Release|Any CPU.ActiveCfg = Release|Any CPU
		{5712384A-7080-4CC1-AF73-C43EC67E1520}.Release|Any CPU.Build.0 = Release|Any CPU
		{0BA52986-CE98-4FA1-9A10-59D7A22BCA11}.Debug|Any CPU.ActiveCfg = Debug|Any CPU
		{0BA52986-CE98-4FA1-9A10-59D7A22BCA11}.Debug|Any CPU.Build.0 = Debug|Any CPU
		{0BA52986-CE98-4FA1-9A10-59D7A22BCA11}.Release|Any CPU.ActiveCfg = Release|Any CPU
		{0BA52986-CE98-4FA1-9A10-59D7A22BCA11}.Release|Any CPU.Build.0 = Release|Any CPU
		{044B9B2B-FC2A-4312-BBEE-C938CB6E5332}.Debug|Any CPU.ActiveCfg = Debug|Any CPU
		{044B9B2B-FC2A-4312-BBEE-C938CB6E5332}.Debug|Any CPU.Build.0 = Debug|Any CPU
		{044B9B2B-FC2A-4312-BBEE-C938CB6E5332}.Release|Any CPU.ActiveCfg = Release|Any CPU
		{044B9B2B-FC2A-4312-BBEE-C938CB6E5332}.Release|Any CPU.Build.0 = Release|Any CPU
		{4D3204D9-5F2B-472D-910E-14C3A936F86B}.Debug|Any CPU.ActiveCfg = Debug|Any CPU
		{4D3204D9-5F2B-472D-910E-14C3A936F86B}.Debug|Any CPU.Build.0 = Debug|Any CPU
		{4D3204D9-5F2B-472D-910E-14C3A936F86B}.Release|Any CPU.ActiveCfg = Release|Any CPU
		{4D3204D9-5F2B-472D-910E-14C3A936F86B}.Release|Any CPU.Build.0 = Release|Any CPU
		{3EC3CF96-E702-4A90-89CC-B3438191B334}.Debug|Any CPU.ActiveCfg = Debug|Any CPU
		{3EC3CF96-E702-4A90-89CC-B3438191B334}.Debug|Any CPU.Build.0 = Debug|Any CPU
		{3EC3CF96-E702-4A90-89CC-B3438191B334}.Release|Any CPU.ActiveCfg = Release|Any CPU
		{3EC3CF96-E702-4A90-89CC-B3438191B334}.Release|Any CPU.Build.0 = Release|Any CPU
		{AF98BED6-70D9-4B6C-9831-C8B60068DB93}.Debug|Any CPU.ActiveCfg = Debug|Any CPU
		{AF98BED6-70D9-4B6C-9831-C8B60068DB93}.Debug|Any CPU.Build.0 = Debug|Any CPU
		{AF98BED6-70D9-4B6C-9831-C8B60068DB93}.Release|Any CPU.ActiveCfg = Release|Any CPU
		{AF98BED6-70D9-4B6C-9831-C8B60068DB93}.Release|Any CPU.Build.0 = Release|Any CPU
		{70D6F812-B55E-4437-8EA9-3CD063FCB323}.Debug|Any CPU.ActiveCfg = Debug|Any CPU
		{70D6F812-B55E-4437-8EA9-3CD063FCB323}.Debug|Any CPU.Build.0 = Debug|Any CPU
		{70D6F812-B55E-4437-8EA9-3CD063FCB323}.Release|Any CPU.ActiveCfg = Release|Any CPU
		{70D6F812-B55E-4437-8EA9-3CD063FCB323}.Release|Any CPU.Build.0 = Release|Any CPU
		{F3E1C26E-1F05-4A5E-AC08-ADB6E22C2481}.Debug|Any CPU.ActiveCfg = Debug|Any CPU
		{F3E1C26E-1F05-4A5E-AC08-ADB6E22C2481}.Debug|Any CPU.Build.0 = Debug|Any CPU
		{F3E1C26E-1F05-4A5E-AC08-ADB6E22C2481}.Release|Any CPU.ActiveCfg = Release|Any CPU
		{F3E1C26E-1F05-4A5E-AC08-ADB6E22C2481}.Release|Any CPU.Build.0 = Release|Any CPU
		{ED1FB464-3479-4C38-A1D7-215FBDC493D8}.Debug|Any CPU.ActiveCfg = Debug|Any CPU
		{ED1FB464-3479-4C38-A1D7-215FBDC493D8}.Debug|Any CPU.Build.0 = Debug|Any CPU
		{ED1FB464-3479-4C38-A1D7-215FBDC493D8}.Release|Any CPU.ActiveCfg = Release|Any CPU
		{ED1FB464-3479-4C38-A1D7-215FBDC493D8}.Release|Any CPU.Build.0 = Release|Any CPU
	EndGlobalSection
	GlobalSection(SolutionProperties) = preSolution
		HideSolutionNode = FALSE
	EndGlobalSection
	GlobalSection(NestedProjects) = preSolution
		{5ECF0198-323D-4164-8E3D-E2797215A272} = {33447BAE-F704-47F1-9E52-F1BC2FB0BDB3}
		{852A477D-B351-4BD2-B831-0656A8A5D579} = {33447BAE-F704-47F1-9E52-F1BC2FB0BDB3}
		{88B8A5A9-2D0A-4593-BC92-ED82E0914993} = {33447BAE-F704-47F1-9E52-F1BC2FB0BDB3}
		{5712384A-7080-4CC1-AF73-C43EC67E1520} = {5E91A56F-E7EF-4F2B-9719-B492EB128156}
		{0BA52986-CE98-4FA1-9A10-59D7A22BCA11} = {33447BAE-F704-47F1-9E52-F1BC2FB0BDB3}
		{3EC3CF96-E702-4A90-89CC-B3438191B334} = {88E38B16-4974-478A-A1B4-16083C81A53A}
		{AF98BED6-70D9-4B6C-9831-C8B60068DB93} = {33447BAE-F704-47F1-9E52-F1BC2FB0BDB3}
		{70D6F812-B55E-4437-8EA9-3CD063FCB323} = {88E38B16-4974-478A-A1B4-16083C81A53A}
		{F3E1C26E-1F05-4A5E-AC08-ADB6E22C2481} = {787914EA-0F77-4D60-A925-C6ABD2C827FB}
		{5E91A56F-E7EF-4F2B-9719-B492EB128156} = {88E38B16-4974-478A-A1B4-16083C81A53A}
		{ED1FB464-3479-4C38-A1D7-215FBDC493D8} = {787914EA-0F77-4D60-A925-C6ABD2C827FB}
	EndGlobalSection
EndGlobal
